
Microsoft Visual Studio Solution File, Format Version 12.00
# Visual Studio Version 16
VisualStudioVersion = 16.0.809.2
MinimumVisualStudioVersion = 10.0.40219.1
Project("{FAE04EC0-301F-11D3-BF4B-00C04F79EFBC}") = "Sample101", "Sample101.csproj", "{8CDE9FBD-54B3-42A3-A299-603B195627D9}"
EndProject
Global
	GlobalSection(SolutionConfigurationPlatforms) = preSolution
		Debug|Any CPU = Debug|Any CPU
		Release|Any CPU = Release|Any CPU
	EndGlobalSection
	GlobalSection(ProjectConfigurationPlatforms) = postSolution
		{8CDE9FBD-54B3-42A3-A299-603B195627D9}.Debug|Any CPU.ActiveCfg = Debug|Any CPU
		{8CDE9FBD-54B3-42A3-A299-603B195627D9}.Debug|Any CPU.Build.0 = Debug|Any CPU
		{8CDE9FBD-54B3-42A3-A299-603B195627D9}.Release|Any CPU.ActiveCfg = Release|Any CPU
		{8CDE9FBD-54B3-42A3-A299-603B195627D9}.Release|Any CPU.Build.0 = Release|Any CPU
	EndGlobalSection
	GlobalSection(SolutionProperties) = preSolution
		HideSolutionNode = FALSE
	EndGlobalSection
	GlobalSection(ExtensibilityGlobals) = postSolution
		SolutionGuid = {4FAC0B51-B8A1-477D-90CB-F09B884EEDAC}
	EndGlobalSection
EndGlobal
