
Microsoft Visual Studio Solution File, Format Version 12.00
# Visual Studio Version 16
VisualStudioVersion = 16.0.809.2
MinimumVisualStudioVersion = 10.0.40219.1
Project("{FAE04EC0-301F-11D3-BF4B-00C04F79EFBC}") = "Sample401", "Sample401.csproj", "{0338A428-FF9B-44E3-8702-111902AB7A39}"
EndProject
Global
	GlobalSection(SolutionConfigurationPlatforms) = preSolution
		Debug|Any CPU = Debug|Any CPU
		Release|Any CPU = Release|Any CPU
	EndGlobalSection
	GlobalSection(ProjectConfigurationPlatforms) = postSolution
		{0338A428-FF9B-44E3-8702-111902AB7A39}.Debug|Any CPU.ActiveCfg = Debug|Any CPU
		{0338A428-FF9B-44E3-8702-111902AB7A39}.Debug|Any CPU.Build.0 = Debug|Any CPU
		{0338A428-FF9B-44E3-8702-111902AB7A39}.Release|Any CPU.ActiveCfg = Release|Any CPU
		{0338A428-FF9B-44E3-8702-111902AB7A39}.Release|Any CPU.Build.0 = Release|Any CPU
	EndGlobalSection
	GlobalSection(SolutionProperties) = preSolution
		HideSolutionNode = FALSE
	EndGlobalSection
	GlobalSection(ExtensibilityGlobals) = postSolution
		SolutionGuid = {D84EE76F-4D0D-41C5-A5A7-E09B16097031}
	EndGlobalSection
EndGlobal
